
Microsoft Visual Studio Solution File, Format Version 12.00
# Visual Studio 15
VisualStudioVersion = 15.0.26730.10
MinimumVisualStudioVersion = 10.0.40219.1
Project("{f2a71f9b-5d33-465a-a702-920d77279786}") = "SqueakyApp", "SqueakyApp\SqueakyApp.fsproj", "{866BE27C-4403-4084-AF0B-9598C950E213}"
EndProject
Project("{f2a71f9b-5d33-465a-a702-920d77279786}") = "SqueakyApp.Android", "SqueakyApp.Android\SqueakyApp.Android.fsproj", "{32239651-171B-4959-8CF6-25788797184B}"
EndProject
Project("{f2a71f9b-5d33-465a-a702-920d77279786}") = "SqueakyApp.iOS", "SqueakyApp.iOS\SqueakyApp.iOS.fsproj", "{F0F2A3CF-A787-40DF-98DF-4B08C4D3088F}"
EndProject
Global
	GlobalSection(SolutionConfigurationPlatforms) = preSolution
		Ad-Hoc|Any CPU = Ad-Hoc|Any CPU
		Ad-Hoc|ARM = Ad-Hoc|ARM
		Ad-Hoc|iPhone = Ad-Hoc|iPhone
		Ad-Hoc|iPhoneSimulator = Ad-Hoc|iPhoneSimulator
		Ad-Hoc|x64 = Ad-Hoc|x64
		Ad-Hoc|x86 = Ad-Hoc|x86
		AppStore|Any CPU = AppStore|Any CPU
		AppStore|ARM = AppStore|ARM
		AppStore|iPhone = AppStore|iPhone
		AppStore|iPhoneSimulator = AppStore|iPhoneSimulator
		AppStore|x64 = AppStore|x64
		AppStore|x86 = AppStore|x86
		Debug|Any CPU = Debug|Any CPU
		Debug|ARM = Debug|ARM
		Debug|iPhone = Debug|iPhone
		Debug|iPhoneSimulator = Debug|iPhoneSimulator
		Debug|x64 = Debug|x64
		Debug|x86 = Debug|x86
		Release|Any CPU = Release|Any CPU
		Release|ARM = Release|ARM
		Release|iPhone = Release|iPhone
		Release|iPhoneSimulator = Release|iPhoneSimulator
		Release|x64 = Release|x64
		Release|x86 = Release|x86
	EndGlobalSection
	GlobalSection(ProjectConfigurationPlatforms) = postSolution
		{866BE27C-4403-4084-AF0B-9598C950E213}.Ad-Hoc|Any CPU.ActiveCfg = Debug|Any CPU
		{866BE27C-4403-4084-AF0B-9598C950E213}.Ad-Hoc|Any CPU.Build.0 = Debug|Any CPU
		{866BE27C-4403-4084-AF0B-9598C950E213}.Ad-Hoc|ARM.ActiveCfg = Debug|Any CPU
		{866BE27C-4403-4084-AF0B-9598C950E213}.Ad-Hoc|ARM.Build.0 = Debug|Any CPU
		{866BE27C-4403-4084-AF0B-9598C950E213}.Ad-Hoc|iPhone.ActiveCfg = Debug|Any CPU
		{866BE27C-4403-4084-AF0B-9598C950E213}.Ad-Hoc|iPhone.Build.0 = Debug|Any CPU
		{866BE27C-4403-4084-AF0B-9598C950E213}.Ad-Hoc|iPhoneSimulator.ActiveCfg = Debug|Any CPU
		{866BE27C-4403-4084-AF0B-9598C950E213}.Ad-Hoc|iPhoneSimulator.Build.0 = Debug|Any CPU
		{866BE27C-4403-4084-AF0B-9598C950E213}.Ad-Hoc|x64.ActiveCfg = Debug|Any CPU
		{866BE27C-4403-4084-AF0B-9598C950E213}.Ad-Hoc|x64.Build.0 = Debug|Any CPU
		{866BE27C-4403-4084-AF0B-9598C950E213}.Ad-Hoc|x86.ActiveCfg = Debug|Any CPU
		{866BE27C-4403-4084-AF0B-9598C950E213}.Ad-Hoc|x86.Build.0 = Debug|Any CPU
		{866BE27C-4403-4084-AF0B-9598C950E213}.AppStore|Any CPU.ActiveCfg = Debug|Any CPU
		{866BE27C-4403-4084-AF0B-9598C950E213}.AppStore|Any CPU.Build.0 = Debug|Any CPU
		{866BE27C-4403-4084-AF0B-9598C950E213}.AppStore|ARM.ActiveCfg = Debug|Any CPU
		{866BE27C-4403-4084-AF0B-9598C950E213}.AppStore|ARM.Build.0 = Debug|Any CPU
		{866BE27C-4403-4084-AF0B-9598C950E213}.AppStore|iPhone.ActiveCfg = Debug|Any CPU
		{866BE27C-4403-4084-AF0B-9598C950E213}.AppStore|iPhone.Build.0 = Debug|Any CPU
		{866BE27C-4403-4084-AF0B-9598C950E213}.AppStore|iPhoneSimulator.ActiveCfg = Debug|Any CPU
		{866BE27C-4403-4084-AF0B-9598C950E213}.AppStore|iPhoneSimulator.Build.0 = Debug|Any CPU
		{866BE27C-4403-4084-AF0B-9598C950E213}.AppStore|x64.ActiveCfg = Debug|Any CPU
		{866BE27C-4403-4084-AF0B-9598C950E213}.AppStore|x64.Build.0 = Debug|Any CPU
		{866BE27C-4403-4084-AF0B-9598C950E213}.AppStore|x86.ActiveCfg = Debug|Any CPU
		{866BE27C-4403-4084-AF0B-9598C950E213}.AppStore|x86.Build.0 = Debug|Any CPU
		{866BE27C-4403-4084-AF0B-9598C950E213}.Debug|Any CPU.ActiveCfg = Debug|Any CPU
		{866BE27C-4403-4084-AF0B-9598C950E213}.Debug|Any CPU.Build.0 = Debug|Any CPU
		{866BE27C-4403-4084-AF0B-9598C950E213}.Debug|ARM.ActiveCfg = Debug|Any CPU
		{866BE27C-4403-4084-AF0B-9598C950E213}.Debug|ARM.Build.0 = Debug|Any CPU
		{866BE27C-4403-4084-AF0B-9598C950E213}.Debug|iPhone.ActiveCfg = Debug|Any CPU
		{866BE27C-4403-4084-AF0B-9598C950E213}.Debug|iPhone.Build.0 = Debug|Any CPU
		{866BE27C-4403-4084-AF0B-9598C950E213}.Debug|iPhoneSimulator.ActiveCfg = Debug|Any CPU
		{866BE27C-4403-4084-AF0B-9598C950E213}.Debug|iPhoneSimulator.Build.0 = Debug|Any CPU
		{866BE27C-4403-4084-AF0B-9598C950E213}.Debug|x64.ActiveCfg = Debug|Any CPU
		{866BE27C-4403-4084-AF0B-9598C950E213}.Debug|x64.Build.0 = Debug|Any CPU
		{866BE27C-4403-4084-AF0B-9598C950E213}.Debug|x86.ActiveCfg = Debug|Any CPU
		{866BE27C-4403-4084-AF0B-9598C950E213}.Debug|x86.Build.0 = Debug|Any CPU
		{866BE27C-4403-4084-AF0B-9598C950E213}.Release|Any CPU.ActiveCfg = Release|Any CPU
		{866BE27C-4403-4084-AF0B-9598C950E213}.Release|Any CPU.Build.0 = Release|Any CPU
		{866BE27C-4403-4084-AF0B-9598C950E213}.Release|ARM.ActiveCfg = Release|Any CPU
		{866BE27C-4403-4084-AF0B-9598C950E213}.Release|ARM.Build.0 = Release|Any CPU
		{866BE27C-4403-4084-AF0B-9598C950E213}.Release|iPhone.ActiveCfg = Release|Any CPU
		{866BE27C-4403-4084-AF0B-9598C950E213}.Release|iPhone.Build.0 = Release|Any CPU
		{866BE27C-4403-4084-AF0B-9598C950E213}.Release|iPhoneSimulator.ActiveCfg = Release|Any CPU
		{866BE27C-4403-4084-AF0B-9598C950E213}.Release|iPhoneSimulator.Build.0 = Release|Any CPU
		{866BE27C-4403-4084-AF0B-9598C950E213}.Release|x64.ActiveCfg = Release|Any CPU
		{866BE27C-4403-4084-AF0B-9598C950E213}.Release|x64.Build.0 = Release|Any CPU
		{866BE27C-4403-4084-AF0B-9598C950E213}.Release|x86.ActiveCfg = Release|Any CPU
		{866BE27C-4403-4084-AF0B-9598C950E213}.Release|x86.Build.0 = Release|Any CPU
		{F0F2A3CF-A787-40DF-98DF-4B08C4D3088F}.Ad-Hoc|Any CPU.ActiveCfg = Ad-Hoc|iPhone
		{F0F2A3CF-A787-40DF-98DF-4B08C4D3088F}.Ad-Hoc|ARM.ActiveCfg = Ad-Hoc|iPhone
		{F0F2A3CF-A787-40DF-98DF-4B08C4D3088F}.Ad-Hoc|iPhone.ActiveCfg = Ad-Hoc|iPhone
		{F0F2A3CF-A787-40DF-98DF-4B08C4D3088F}.Ad-Hoc|iPhone.Build.0 = Ad-Hoc|iPhone
		{F0F2A3CF-A787-40DF-98DF-4B08C4D3088F}.Ad-Hoc|iPhoneSimulator.ActiveCfg = Ad-Hoc|iPhoneSimulator
		{F0F2A3CF-A787-40DF-98DF-4B08C4D3088F}.Ad-Hoc|iPhoneSimulator.Build.0 = Ad-Hoc|iPhoneSimulator
		{F0F2A3CF-A787-40DF-98DF-4B08C4D3088F}.Ad-Hoc|x64.ActiveCfg = Ad-Hoc|iPhone
		{F0F2A3CF-A787-40DF-98DF-4B08C4D3088F}.Ad-Hoc|x86.ActiveCfg = Ad-Hoc|iPhone
		{F0F2A3CF-A787-40DF-98DF-4B08C4D3088F}.AppStore|Any CPU.ActiveCfg = AppStore|iPhone
		{F0F2A3CF-A787-40DF-98DF-4B08C4D3088F}.AppStore|ARM.ActiveCfg = AppStore|iPhone
		{F0F2A3CF-A787-40DF-98DF-4B08C4D3088F}.AppStore|iPhone.ActiveCfg = AppStore|iPhone
		{F0F2A3CF-A787-40DF-98DF-4B08C4D3088F}.AppStore|iPhone.Build.0 = AppStore|iPhone
		{F0F2A3CF-A787-40DF-98DF-4B08C4D3088F}.AppStore|iPhoneSimulator.ActiveCfg = AppStore|iPhoneSimulator
		{F0F2A3CF-A787-40DF-98DF-4B08C4D3088F}.AppStore|iPhoneSimulator.Build.0 = AppStore|iPhoneSimulator
		{F0F2A3CF-A787-40DF-98DF-4B08C4D3088F}.AppStore|x64.ActiveCfg = AppStore|iPhone
		{F0F2A3CF-A787-40DF-98DF-4B08C4D3088F}.AppStore|x86.ActiveCfg = AppStore|iPhone
		{F0F2A3CF-A787-40DF-98DF-4B08C4D3088F}.Debug|Any CPU.ActiveCfg = Debug|iPhoneSimulator
		{F0F2A3CF-A787-40DF-98DF-4B08C4D3088F}.Debug|ARM.ActiveCfg = Debug|iPhone
		{F0F2A3CF-A787-40DF-98DF-4B08C4D3088F}.Debug|iPhone.ActiveCfg = Debug|iPhone
		{F0F2A3CF-A787-40DF-98DF-4B08C4D3088F}.Debug|iPhone.Build.0 = Debug|iPhone
		{F0F2A3CF-A787-40DF-98DF-4B08C4D3088F}.Debug|iPhoneSimulator.ActiveCfg = Debug|iPhoneSimulator
		{F0F2A3CF-A787-40DF-98DF-4B08C4D3088F}.Debug|iPhoneSimulator.Build.0 = Debug|iPhoneSimulator
		{F0F2A3CF-A787-40DF-98DF-4B08C4D3088F}.Debug|x64.ActiveCfg = Debug|iPhone
		{F0F2A3CF-A787-40DF-98DF-4B08C4D3088F}.Debug|x86.ActiveCfg = Debug|iPhone
		{F0F2A3CF-A787-40DF-98DF-4B08C4D3088F}.Release|Any CPU.ActiveCfg = Release|iPhone
		{F0F2A3CF-A787-40DF-98DF-4B08C4D3088F}.Release|ARM.ActiveCfg = Release|iPhone
		{F0F2A3CF-A787-40DF-98DF-4B08C4D3088F}.Release|iPhone.ActiveCfg = Release|iPhone
		{F0F2A3CF-A787-40DF-98DF-4B08C4D3088F}.Release|iPhone.Build.0 = Release|iPhone
		{F0F2A3CF-A787-40DF-98DF-4B08C4D3088F}.Release|iPhoneSimulator.ActiveCfg = Release|iPhoneSimulator
		{F0F2A3CF-A787-40DF-98DF-4B08C4D3088F}.Release|iPhoneSimulator.Build.0 = Release|iPhoneSimulator
		{F0F2A3CF-A787-40DF-98DF-4B08C4D3088F}.Release|x64.ActiveCfg = Release|iPhone
		{F0F2A3CF-A787-40DF-98DF-4B08C4D3088F}.Release|x86.ActiveCfg = Release|iPhone
		{F0F2A3CF-A787-40DF-98DF-4B08C4D3088F}.Debug|Any CPU.Build.0 = Debug|iPhoneSimulator
		{12182B3C-C262-41D8-BBE6-D17C4811509A}.Ad-Hoc|Any CPU.ActiveCfg = Release|x86
		{12182B3C-C262-41D8-BBE6-D17C4811509A}.Ad-Hoc|Any CPU.Build.0 = Release|x86
		{12182B3C-C262-41D8-BBE6-D17C4811509A}.Ad-Hoc|Any CPU.Deploy.0 = Release|x86
		{12182B3C-C262-41D8-BBE6-D17C4811509A}.Ad-Hoc|ARM.ActiveCfg = Release|ARM
		{12182B3C-C262-41D8-BBE6-D17C4811509A}.Ad-Hoc|ARM.Build.0 = Release|ARM
		{12182B3C-C262-41D8-BBE6-D17C4811509A}.Ad-Hoc|ARM.Deploy.0 = Release|ARM
		{12182B3C-C262-41D8-BBE6-D17C4811509A}.Ad-Hoc|iPhone.ActiveCfg = Release|x86
		{12182B3C-C262-41D8-BBE6-D17C4811509A}.Ad-Hoc|iPhone.Build.0 = Release|x86
		{12182B3C-C262-41D8-BBE6-D17C4811509A}.Ad-Hoc|iPhone.Deploy.0 = Release|x86
		{12182B3C-C262-41D8-BBE6-D17C4811509A}.Ad-Hoc|iPhoneSimulator.ActiveCfg = Release|x86
		{12182B3C-C262-41D8-BBE6-D17C4811509A}.Ad-Hoc|iPhoneSimulator.Build.0 = Release|x86
		{12182B3C-C262-41D8-BBE6-D17C4811509A}.Ad-Hoc|iPhoneSimulator.Deploy.0 = Release|x86
		{12182B3C-C262-41D8-BBE6-D17C4811509A}.Ad-Hoc|x64.ActiveCfg = Release|x64
		{12182B3C-C262-41D8-BBE6-D17C4811509A}.Ad-Hoc|x64.Build.0 = Release|x64
		{12182B3C-C262-41D8-BBE6-D17C4811509A}.Ad-Hoc|x64.Deploy.0 = Release|x64
		{12182B3C-C262-41D8-BBE6-D17C4811509A}.Ad-Hoc|x86.ActiveCfg = Release|x86
		{12182B3C-C262-41D8-BBE6-D17C4811509A}.Ad-Hoc|x86.Build.0 = Release|x86
		{12182B3C-C262-41D8-BBE6-D17C4811509A}.Ad-Hoc|x86.Deploy.0 = Release|x86
		{12182B3C-C262-41D8-BBE6-D17C4811509A}.AppStore|Any CPU.ActiveCfg = Release|x86
		{12182B3C-C262-41D8-BBE6-D17C4811509A}.AppStore|Any CPU.Build.0 = Release|x86
		{12182B3C-C262-41D8-BBE6-D17C4811509A}.AppStore|Any CPU.Deploy.0 = Release|x86
		{12182B3C-C262-41D8-BBE6-D17C4811509A}.AppStore|ARM.ActiveCfg = Release|ARM
		{12182B3C-C262-41D8-BBE6-D17C4811509A}.AppStore|ARM.Build.0 = Release|ARM
		{12182B3C-C262-41D8-BBE6-D17C4811509A}.AppStore|ARM.Deploy.0 = Release|ARM
		{12182B3C-C262-41D8-BBE6-D17C4811509A}.AppStore|iPhone.ActiveCfg = Release|x86
		{12182B3C-C262-41D8-BBE6-D17C4811509A}.AppStore|iPhone.Build.0 = Release|x86
		{12182B3C-C262-41D8-BBE6-D17C4811509A}.AppStore|iPhone.Deploy.0 = Release|x86
		{12182B3C-C262-41D8-BBE6-D17C4811509A}.AppStore|iPhoneSimulator.ActiveCfg = Release|x86
		{12182B3C-C262-41D8-BBE6-D17C4811509A}.AppStore|iPhoneSimulator.Build.0 = Release|x86
		{12182B3C-C262-41D8-BBE6-D17C4811509A}.AppStore|iPhoneSimulator.Deploy.0 = Release|x86
		{12182B3C-C262-41D8-BBE6-D17C4811509A}.AppStore|x64.ActiveCfg = Release|x64
		{12182B3C-C262-41D8-BBE6-D17C4811509A}.AppStore|x64.Build.0 = Release|x64
		{12182B3C-C262-41D8-BBE6-D17C4811509A}.AppStore|x64.Deploy.0 = Release|x64
		{12182B3C-C262-41D8-BBE6-D17C4811509A}.AppStore|x86.ActiveCfg = Release|x86
		{12182B3C-C262-41D8-BBE6-D17C4811509A}.AppStore|x86.Build.0 = Release|x86
		{12182B3C-C262-41D8-BBE6-D17C4811509A}.AppStore|x86.Deploy.0 = Release|x86
		{12182B3C-C262-41D8-BBE6-D17C4811509A}.Debug|Any CPU.ActiveCfg = Debug|x86
		{12182B3C-C262-41D8-BBE6-D17C4811509A}.Debug|ARM.ActiveCfg = Debug|ARM
		{12182B3C-C262-41D8-BBE6-D17C4811509A}.Debug|ARM.Build.0 = Debug|ARM
		{12182B3C-C262-41D8-BBE6-D17C4811509A}.Debug|ARM.Deploy.0 = Debug|ARM
		{12182B3C-C262-41D8-BBE6-D17C4811509A}.Debug|iPhone.ActiveCfg = Debug|x86
		{12182B3C-C262-41D8-BBE6-D17C4811509A}.Debug|iPhoneSimulator.ActiveCfg = Debug|x86
		{12182B3C-C262-41D8-BBE6-D17C4811509A}.Debug|x64.ActiveCfg = Debug|x64
		{12182B3C-C262-41D8-BBE6-D17C4811509A}.Debug|x64.Build.0 = Debug|x64
		{12182B3C-C262-41D8-BBE6-D17C4811509A}.Debug|x64.Deploy.0 = Debug|x64
		{12182B3C-C262-41D8-BBE6-D17C4811509A}.Debug|x86.ActiveCfg = Debug|x86
		{12182B3C-C262-41D8-BBE6-D17C4811509A}.Debug|x86.Build.0 = Debug|x86
		{12182B3C-C262-41D8-BBE6-D17C4811509A}.Debug|x86.Deploy.0 = Debug|x86
		{12182B3C-C262-41D8-BBE6-D17C4811509A}.Release|Any CPU.ActiveCfg = Release|x86
		{12182B3C-C262-41D8-BBE6-D17C4811509A}.Release|ARM.ActiveCfg = Release|ARM
		{12182B3C-C262-41D8-BBE6-D17C4811509A}.Release|ARM.Build.0 = Release|ARM
		{12182B3C-C262-41D8-BBE6-D17C4811509A}.Release|ARM.Deploy.0 = Release|ARM
		{12182B3C-C262-41D8-BBE6-D17C4811509A}.Release|iPhone.ActiveCfg = Release|x86
		{12182B3C-C262-41D8-BBE6-D17C4811509A}.Release|iPhoneSimulator.ActiveCfg = Release|x86
		{12182B3C-C262-41D8-BBE6-D17C4811509A}.Release|x64.ActiveCfg = Release|x64
		{12182B3C-C262-41D8-BBE6-D17C4811509A}.Release|x64.Build.0 = Release|x64
		{12182B3C-C262-41D8-BBE6-D17C4811509A}.Release|x64.Deploy.0 = Release|x64
		{12182B3C-C262-41D8-BBE6-D17C4811509A}.Release|x86.ActiveCfg = Release|x86
		{12182B3C-C262-41D8-BBE6-D17C4811509A}.Release|x86.Build.0 = Release|x86
		{12182B3C-C262-41D8-BBE6-D17C4811509A}.Release|x86.Deploy.0 = Release|x86
		{744AA8FF-3106-4A62-A703-3D492C018333}.Ad-Hoc|Any CPU.ActiveCfg = Release|Any CPU
		{744AA8FF-3106-4A62-A703-3D492C018333}.Ad-Hoc|Any CPU.Build.0 = Release|Any CPU
		{744AA8FF-3106-4A62-A703-3D492C018333}.Ad-Hoc|ARM.ActiveCfg = Release|Any CPU
		{744AA8FF-3106-4A62-A703-3D492C018333}.Ad-Hoc|ARM.Build.0 = Release|Any CPU
		{744AA8FF-3106-4A62-A703-3D492C018333}.Ad-Hoc|iPhone.ActiveCfg = Release|Any CPU
		{744AA8FF-3106-4A62-A703-3D492C018333}.Ad-Hoc|iPhone.Build.0 = Release|Any CPU
		{744AA8FF-3106-4A62-A703-3D492C018333}.Ad-Hoc|iPhoneSimulator.ActiveCfg = Release|Any CPU
		{744AA8FF-3106-4A62-A703-3D492C018333}.Ad-Hoc|iPhoneSimulator.Build.0 = Release|Any CPU
		{744AA8FF-3106-4A62-A703-3D492C018333}.Ad-Hoc|x64.ActiveCfg = Release|Any CPU
		{744AA8FF-3106-4A62-A703-3D492C018333}.Ad-Hoc|x64.Build.0 = Release|Any CPU
		{744AA8FF-3106-4A62-A703-3D492C018333}.Ad-Hoc|x86.ActiveCfg = Release|Any CPU
		{744AA8FF-3106-4A62-A703-3D492C018333}.Ad-Hoc|x86.Build.0 = Release|Any CPU
		{744AA8FF-3106-4A62-A703-3D492C018333}.AppStore|Any CPU.ActiveCfg = Release|Any CPU
		{744AA8FF-3106-4A62-A703-3D492C018333}.AppStore|Any CPU.Build.0 = Release|Any CPU
		{744AA8FF-3106-4A62-A703-3D492C018333}.AppStore|ARM.ActiveCfg = Release|Any CPU
		{744AA8FF-3106-4A62-A703-3D492C018333}.AppStore|ARM.Build.0 = Release|Any CPU
		{744AA8FF-3106-4A62-A703-3D492C018333}.AppStore|iPhone.ActiveCfg = Release|Any CPU
		{744AA8FF-3106-4A62-A703-3D492C018333}.AppStore|iPhone.Build.0 = Release|Any CPU
		{744AA8FF-3106-4A62-A703-3D492C018333}.AppStore|iPhoneSimulator.ActiveCfg = Release|Any CPU
		{744AA8FF-3106-4A62-A703-3D492C018333}.AppStore|iPhoneSimulator.Build.0 = Release|Any CPU
		{744AA8FF-3106-4A62-A703-3D492C018333}.AppStore|x64.ActiveCfg = Release|Any CPU
		{744AA8FF-3106-4A62-A703-3D492C018333}.AppStore|x64.Build.0 = Release|Any CPU
		{744AA8FF-3106-4A62-A703-3D492C018333}.AppStore|x86.ActiveCfg = Release|Any CPU
		{744AA8FF-3106-4A62-A703-3D492C018333}.AppStore|x86.Build.0 = Release|Any CPU
		{744AA8FF-3106-4A62-A703-3D492C018333}.Debug|Any CPU.ActiveCfg = Debug|Any CPU
		{744AA8FF-3106-4A62-A703-3D492C018333}.Debug|Any CPU.Build.0 = Debug|Any CPU
		{744AA8FF-3106-4A62-A703-3D492C018333}.Debug|ARM.ActiveCfg = Debug|Any CPU
		{744AA8FF-3106-4A62-A703-3D492C018333}.Debug|ARM.Build.0 = Debug|Any CPU
		{744AA8FF-3106-4A62-A703-3D492C018333}.Debug|iPhone.ActiveCfg = Debug|Any CPU
		{744AA8FF-3106-4A62-A703-3D492C018333}.Debug|iPhone.Build.0 = Debug|Any CPU
		{744AA8FF-3106-4A62-A703-3D492C018333}.Debug|iPhoneSimulator.ActiveCfg = Debug|Any CPU
		{744AA8FF-3106-4A62-A703-3D492C018333}.Debug|iPhoneSimulator.Build.0 = Debug|Any CPU
		{744AA8FF-3106-4A62-A703-3D492C018333}.Debug|x64.ActiveCfg = Debug|Any CPU
		{744AA8FF-3106-4A62-A703-3D492C018333}.Debug|x64.Build.0 = Debug|Any CPU
		{744AA8FF-3106-4A62-A703-3D492C018333}.Debug|x86.ActiveCfg = Debug|Any CPU
		{744AA8FF-3106-4A62-A703-3D492C018333}.Debug|x86.Build.0 = Debug|Any CPU
		{744AA8FF-3106-4A62-A703-3D492C018333}.Release|Any CPU.ActiveCfg = Release|Any CPU
		{744AA8FF-3106-4A62-A703-3D492C018333}.Release|Any CPU.Build.0 = Release|Any CPU
		{744AA8FF-3106-4A62-A703-3D492C018333}.Release|ARM.ActiveCfg = Release|Any CPU
		{744AA8FF-3106-4A62-A703-3D492C018333}.Release|ARM.Build.0 = Release|Any CPU
		{744AA8FF-3106-4A62-A703-3D492C018333}.Release|iPhone.ActiveCfg = Release|Any CPU
		{744AA8FF-3106-4A62-A703-3D492C018333}.Release|iPhone.Build.0 = Release|Any CPU
		{744AA8FF-3106-4A62-A703-3D492C018333}.Release|iPhoneSimulator.ActiveCfg = Release|Any CPU
		{744AA8FF-3106-4A62-A703-3D492C018333}.Release|iPhoneSimulator.Build.0 = Release|Any CPU
		{744AA8FF-3106-4A62-A703-3D492C018333}.Release|x64.ActiveCfg = Release|Any CPU
		{744AA8FF-3106-4A62-A703-3D492C018333}.Release|x64.Build.0 = Release|Any CPU
		{744AA8FF-3106-4A62-A703-3D492C018333}.Release|x86.ActiveCfg = Release|Any CPU
		{744AA8FF-3106-4A62-A703-3D492C018333}.Release|x86.Build.0 = Release|Any CPU
		{BAD04988-1016-495F-89C4-46083FCD99DB}.Ad-Hoc|Any CPU.ActiveCfg = Release|Any CPU
		{BAD04988-1016-495F-89C4-46083FCD99DB}.Ad-Hoc|Any CPU.Build.0 = Release|Any CPU
		{BAD04988-1016-495F-89C4-46083FCD99DB}.Ad-Hoc|ARM.ActiveCfg = Release|Any CPU
		{BAD04988-1016-495F-89C4-46083FCD99DB}.Ad-Hoc|ARM.Build.0 = Release|Any CPU
		{BAD04988-1016-495F-89C4-46083FCD99DB}.Ad-Hoc|iPhone.ActiveCfg = Release|Any CPU
		{BAD04988-1016-495F-89C4-46083FCD99DB}.Ad-Hoc|iPhone.Build.0 = Release|Any CPU
		{BAD04988-1016-495F-89C4-46083FCD99DB}.Ad-Hoc|iPhoneSimulator.ActiveCfg = Release|Any CPU
		{BAD04988-1016-495F-89C4-46083FCD99DB}.Ad-Hoc|iPhoneSimulator.Build.0 = Release|Any CPU
		{BAD04988-1016-495F-89C4-46083FCD99DB}.Ad-Hoc|x64.ActiveCfg = Release|Any CPU
		{BAD04988-1016-495F-89C4-46083FCD99DB}.Ad-Hoc|x64.Build.0 = Release|Any CPU
		{BAD04988-1016-495F-89C4-46083FCD99DB}.Ad-Hoc|x86.ActiveCfg = Release|Any CPU
		{BAD04988-1016-495F-89C4-46083FCD99DB}.Ad-Hoc|x86.Build.0 = Release|Any CPU
		{BAD04988-1016-495F-89C4-46083FCD99DB}.AppStore|Any CPU.ActiveCfg = Release|Any CPU
		{BAD04988-1016-495F-89C4-46083FCD99DB}.AppStore|Any CPU.Build.0 = Release|Any CPU
		{BAD04988-1016-495F-89C4-46083FCD99DB}.AppStore|ARM.ActiveCfg = Release|Any CPU
		{BAD04988-1016-495F-89C4-46083FCD99DB}.AppStore|ARM.Build.0 = Release|Any CPU
		{BAD04988-1016-495F-89C4-46083FCD99DB}.AppStore|iPhone.ActiveCfg = Release|Any CPU
		{BAD04988-1016-495F-89C4-46083FCD99DB}.AppStore|iPhone.Build.0 = Release|Any CPU
		{BAD04988-1016-495F-89C4-46083FCD99DB}.AppStore|iPhoneSimulator.ActiveCfg = Release|Any CPU
		{BAD04988-1016-495F-89C4-46083FCD99DB}.AppStore|iPhoneSimulator.Build.0 = Release|Any CPU
		{BAD04988-1016-495F-89C4-46083FCD99DB}.AppStore|x64.ActiveCfg = Release|Any CPU
		{BAD04988-1016-495F-89C4-46083FCD99DB}.AppStore|x64.Build.0 = Release|Any CPU
		{BAD04988-1016-495F-89C4-46083FCD99DB}.AppStore|x86.ActiveCfg = Release|Any CPU
		{BAD04988-1016-495F-89C4-46083FCD99DB}.AppStore|x86.Build.0 = Release|Any CPU
		{BAD04988-1016-495F-89C4-46083FCD99DB}.Debug|Any CPU.ActiveCfg = Debug|Any CPU
		{BAD04988-1016-495F-89C4-46083FCD99DB}.Debug|Any CPU.Build.0 = Debug|Any CPU
		{BAD04988-1016-495F-89C4-46083FCD99DB}.Debug|ARM.ActiveCfg = Debug|Any CPU
		{BAD04988-1016-495F-89C4-46083FCD99DB}.Debug|ARM.Build.0 = Debug|Any CPU
		{BAD04988-1016-495F-89C4-46083FCD99DB}.Debug|iPhone.ActiveCfg = Debug|Any CPU
		{BAD04988-1016-495F-89C4-46083FCD99DB}.Debug|iPhone.Build.0 = Debug|Any CPU
		{BAD04988-1016-495F-89C4-46083FCD99DB}.Debug|iPhoneSimulator.ActiveCfg = Debug|Any CPU
		{BAD04988-1016-495F-89C4-46083FCD99DB}.Debug|iPhoneSimulator.Build.0 = Debug|Any CPU
		{BAD04988-1016-495F-89C4-46083FCD99DB}.Debug|x64.ActiveCfg = Debug|Any CPU
		{BAD04988-1016-495F-89C4-46083FCD99DB}.Debug|x64.Build.0 = Debug|Any CPU
		{BAD04988-1016-495F-89C4-46083FCD99DB}.Debug|x86.ActiveCfg = Debug|Any CPU
		{BAD04988-1016-495F-89C4-46083FCD99DB}.Debug|x86.Build.0 = Debug|Any CPU
		{BAD04988-1016-495F-89C4-46083FCD99DB}.Release|Any CPU.ActiveCfg = Release|Any CPU
		{BAD04988-1016-495F-89C4-46083FCD99DB}.Release|Any CPU.Build.0 = Release|Any CPU
		{BAD04988-1016-495F-89C4-46083FCD99DB}.Release|ARM.ActiveCfg = Release|Any CPU
		{BAD04988-1016-495F-89C4-46083FCD99DB}.Release|ARM.Build.0 = Release|Any CPU
		{BAD04988-1016-495F-89C4-46083FCD99DB}.Release|iPhone.ActiveCfg = Release|Any CPU
		{BAD04988-1016-495F-89C4-46083FCD99DB}.Release|iPhone.Build.0 = Release|Any CPU
		{BAD04988-1016-495F-89C4-46083FCD99DB}.Release|iPhoneSimulator.ActiveCfg = Release|Any CPU
		{BAD04988-1016-495F-89C4-46083FCD99DB}.Release|iPhoneSimulator.Build.0 = Release|Any CPU
		{BAD04988-1016-495F-89C4-46083FCD99DB}.Release|x64.ActiveCfg = Release|Any CPU
		{BAD04988-1016-495F-89C4-46083FCD99DB}.Release|x64.Build.0 = Release|Any CPU
		{BAD04988-1016-495F-89C4-46083FCD99DB}.Release|x86.ActiveCfg = Release|Any CPU
		{BAD04988-1016-495F-89C4-46083FCD99DB}.Release|x86.Build.0 = Release|Any CPU
		{32239651-171B-4959-8CF6-25788797184B}.Ad-Hoc|Any CPU.ActiveCfg = Release|Any CPU
		{32239651-171B-4959-8CF6-25788797184B}.Ad-Hoc|Any CPU.Build.0 = Release|Any CPU
		{32239651-171B-4959-8CF6-25788797184B}.Ad-Hoc|ARM.ActiveCfg = Release|Any CPU
		{32239651-171B-4959-8CF6-25788797184B}.Ad-Hoc|ARM.Build.0 = Release|Any CPU
		{32239651-171B-4959-8CF6-25788797184B}.Ad-Hoc|iPhone.ActiveCfg = Release|Any CPU
		{32239651-171B-4959-8CF6-25788797184B}.Ad-Hoc|iPhone.Build.0 = Release|Any CPU
		{32239651-171B-4959-8CF6-25788797184B}.Ad-Hoc|iPhoneSimulator.ActiveCfg = Release|Any CPU
		{32239651-171B-4959-8CF6-25788797184B}.Ad-Hoc|iPhoneSimulator.Build.0 = Release|Any CPU
		{32239651-171B-4959-8CF6-25788797184B}.Ad-Hoc|x64.ActiveCfg = Release|Any CPU
		{32239651-171B-4959-8CF6-25788797184B}.Ad-Hoc|x64.Build.0 = Release|Any CPU
		{32239651-171B-4959-8CF6-25788797184B}.Ad-Hoc|x86.ActiveCfg = Release|Any CPU
		{32239651-171B-4959-8CF6-25788797184B}.Ad-Hoc|x86.Build.0 = Release|Any CPU
		{32239651-171B-4959-8CF6-25788797184B}.AppStore|Any CPU.ActiveCfg = Release|Any CPU
		{32239651-171B-4959-8CF6-25788797184B}.AppStore|Any CPU.Build.0 = Release|Any CPU
		{32239651-171B-4959-8CF6-25788797184B}.AppStore|ARM.ActiveCfg = Release|Any CPU
		{32239651-171B-4959-8CF6-25788797184B}.AppStore|ARM.Build.0 = Release|Any CPU
		{32239651-171B-4959-8CF6-25788797184B}.AppStore|iPhone.ActiveCfg = Release|Any CPU
		{32239651-171B-4959-8CF6-25788797184B}.AppStore|iPhone.Build.0 = Release|Any CPU
		{32239651-171B-4959-8CF6-25788797184B}.AppStore|iPhoneSimulator.ActiveCfg = Release|Any CPU
		{32239651-171B-4959-8CF6-25788797184B}.AppStore|iPhoneSimulator.Build.0 = Release|Any CPU
		{32239651-171B-4959-8CF6-25788797184B}.AppStore|x64.ActiveCfg = Release|Any CPU
		{32239651-171B-4959-8CF6-25788797184B}.AppStore|x64.Build.0 = Release|Any CPU
		{32239651-171B-4959-8CF6-25788797184B}.AppStore|x86.ActiveCfg = Release|Any CPU
		{32239651-171B-4959-8CF6-25788797184B}.AppStore|x86.Build.0 = Release|Any CPU
		{32239651-171B-4959-8CF6-25788797184B}.Debug|Any CPU.ActiveCfg = Debug|Any CPU
		{32239651-171B-4959-8CF6-25788797184B}.Debug|Any CPU.Build.0 = Debug|Any CPU
		{32239651-171B-4959-8CF6-25788797184B}.Debug|Any CPU.Deploy.0 = Debug|Any CPU
		{32239651-171B-4959-8CF6-25788797184B}.Debug|ARM.ActiveCfg = Debug|Any CPU
		{32239651-171B-4959-8CF6-25788797184B}.Debug|ARM.Build.0 = Debug|Any CPU
		{32239651-171B-4959-8CF6-25788797184B}.Debug|iPhone.ActiveCfg = Debug|Any CPU
		{32239651-171B-4959-8CF6-25788797184B}.Debug|iPhone.Build.0 = Debug|Any CPU
		{32239651-171B-4959-8CF6-25788797184B}.Debug|iPhoneSimulator.ActiveCfg = Debug|Any CPU
		{32239651-171B-4959-8CF6-25788797184B}.Debug|iPhoneSimulator.Build.0 = Debug|Any CPU
		{32239651-171B-4959-8CF6-25788797184B}.Debug|x64.ActiveCfg = Debug|Any CPU
		{32239651-171B-4959-8CF6-25788797184B}.Debug|x64.Build.0 = Debug|Any CPU
		{32239651-171B-4959-8CF6-25788797184B}.Debug|x86.ActiveCfg = Debug|Any CPU
		{32239651-171B-4959-8CF6-25788797184B}.Debug|x86.Build.0 = Debug|Any CPU
		{32239651-171B-4959-8CF6-25788797184B}.Release|Any CPU.ActiveCfg = Release|Any CPU
		{32239651-171B-4959-8CF6-25788797184B}.Release|Any CPU.Build.0 = Release|Any CPU
		{32239651-171B-4959-8CF6-25788797184B}.Release|Any CPU.Deploy.0 = Release|Any CPU
		{32239651-171B-4959-8CF6-25788797184B}.Release|ARM.ActiveCfg = Release|Any CPU
		{32239651-171B-4959-8CF6-25788797184B}.Release|ARM.Build.0 = Release|Any CPU
		{32239651-171B-4959-8CF6-25788797184B}.Release|iPhone.ActiveCfg = Release|Any CPU
		{32239651-171B-4959-8CF6-25788797184B}.Release|iPhone.Build.0 = Release|Any CPU
		{32239651-171B-4959-8CF6-25788797184B}.Release|iPhoneSimulator.ActiveCfg = Release|Any CPU
		{32239651-171B-4959-8CF6-25788797184B}.Release|iPhoneSimulator.Build.0 = Release|Any CPU
		{32239651-171B-4959-8CF6-25788797184B}.Release|x64.ActiveCfg = Release|Any CPU
		{32239651-171B-4959-8CF6-25788797184B}.Release|x64.Build.0 = Release|Any CPU
		{32239651-171B-4959-8CF6-25788797184B}.Release|x86.ActiveCfg = Release|Any CPU
		{32239651-171B-4959-8CF6-25788797184B}.Release|x86.Build.0 = Release|Any CPU
		{5AC96A36-FAC3-418D-BFB0-94BBAE6FD901}.Ad-Hoc|Any CPU.ActiveCfg = Release|Any CPU
		{5AC96A36-FAC3-418D-BFB0-94BBAE6FD901}.Ad-Hoc|Any CPU.Build.0 = Release|Any CPU
		{5AC96A36-FAC3-418D-BFB0-94BBAE6FD901}.Ad-Hoc|ARM.ActiveCfg = Release|Any CPU
		{5AC96A36-FAC3-418D-BFB0-94BBAE6FD901}.Ad-Hoc|ARM.Build.0 = Release|Any CPU
		{5AC96A36-FAC3-418D-BFB0-94BBAE6FD901}.Ad-Hoc|iPhone.ActiveCfg = Release|Any CPU
		{5AC96A36-FAC3-418D-BFB0-94BBAE6FD901}.Ad-Hoc|iPhone.Build.0 = Release|Any CPU
		{5AC96A36-FAC3-418D-BFB0-94BBAE6FD901}.Ad-Hoc|iPhoneSimulator.ActiveCfg = Release|Any CPU
		{5AC96A36-FAC3-418D-BFB0-94BBAE6FD901}.Ad-Hoc|iPhoneSimulator.Build.0 = Release|Any CPU
		{5AC96A36-FAC3-418D-BFB0-94BBAE6FD901}.Ad-Hoc|x64.ActiveCfg = Release|Any CPU
		{5AC96A36-FAC3-418D-BFB0-94BBAE6FD901}.Ad-Hoc|x64.Build.0 = Release|Any CPU
		{5AC96A36-FAC3-418D-BFB0-94BBAE6FD901}.Ad-Hoc|x86.ActiveCfg = Release|Any CPU
		{5AC96A36-FAC3-418D-BFB0-94BBAE6FD901}.Ad-Hoc|x86.Build.0 = Release|Any CPU
		{5AC96A36-FAC3-418D-BFB0-94BBAE6FD901}.AppStore|Any CPU.ActiveCfg = Release|Any CPU
		{5AC96A36-FAC3-418D-BFB0-94BBAE6FD901}.AppStore|Any CPU.Build.0 = Release|Any CPU
		{5AC96A36-FAC3-418D-BFB0-94BBAE6FD901}.AppStore|ARM.ActiveCfg = Release|Any CPU
		{5AC96A36-FAC3-418D-BFB0-94BBAE6FD901}.AppStore|ARM.Build.0 = Release|Any CPU
		{5AC96A36-FAC3-418D-BFB0-94BBAE6FD901}.AppStore|iPhone.ActiveCfg = Release|Any CPU
		{5AC96A36-FAC3-418D-BFB0-94BBAE6FD901}.AppStore|iPhone.Build.0 = Release|Any CPU
		{5AC96A36-FAC3-418D-BFB0-94BBAE6FD901}.AppStore|iPhoneSimulator.ActiveCfg = Release|Any CPU
		{5AC96A36-FAC3-418D-BFB0-94BBAE6FD901}.AppStore|iPhoneSimulator.Build.0 = Release|Any CPU
		{5AC96A36-FAC3-418D-BFB0-94BBAE6FD901}.AppStore|x64.ActiveCfg = Release|Any CPU
		{5AC96A36-FAC3-418D-BFB0-94BBAE6FD901}.AppStore|x64.Build.0 = Release|Any CPU
		{5AC96A36-FAC3-418D-BFB0-94BBAE6FD901}.AppStore|x86.ActiveCfg = Release|Any CPU
		{5AC96A36-FAC3-418D-BFB0-94BBAE6FD901}.AppStore|x86.Build.0 = Release|Any CPU
		{5AC96A36-FAC3-418D-BFB0-94BBAE6FD901}.Debug|Any CPU.ActiveCfg = Debug|Any CPU
		{5AC96A36-FAC3-418D-BFB0-94BBAE6FD901}.Debug|Any CPU.Build.0 = Debug|Any CPU
		{5AC96A36-FAC3-418D-BFB0-94BBAE6FD901}.Debug|ARM.ActiveCfg = Debug|Any CPU
		{5AC96A36-FAC3-418D-BFB0-94BBAE6FD901}.Debug|ARM.Build.0 = Debug|Any CPU
		{5AC96A36-FAC3-418D-BFB0-94BBAE6FD901}.Debug|iPhone.ActiveCfg = Debug|Any CPU
		{5AC96A36-FAC3-418D-BFB0-94BBAE6FD901}.Debug|iPhone.Build.0 = Debug|Any CPU
		{5AC96A36-FAC3-418D-BFB0-94BBAE6FD901}.Debug|iPhoneSimulator.ActiveCfg = Debug|Any CPU
		{5AC96A36-FAC3-418D-BFB0-94BBAE6FD901}.Debug|iPhoneSimulator.Build.0 = Debug|Any CPU
		{5AC96A36-FAC3-418D-BFB0-94BBAE6FD901}.Debug|x64.ActiveCfg = Debug|Any CPU
		{5AC96A36-FAC3-418D-BFB0-94BBAE6FD901}.Debug|x64.Build.0 = Debug|Any CPU
		{5AC96A36-FAC3-418D-BFB0-94BBAE6FD901}.Debug|x86.ActiveCfg = Debug|Any CPU
		{5AC96A36-FAC3-418D-BFB0-94BBAE6FD901}.Debug|x86.Build.0 = Debug|Any CPU
		{5AC96A36-FAC3-418D-BFB0-94BBAE6FD901}.Release|Any CPU.ActiveCfg = Release|Any CPU
		{5AC96A36-FAC3-418D-BFB0-94BBAE6FD901}.Release|Any CPU.Build.0 = Release|Any CPU
		{5AC96A36-FAC3-418D-BFB0-94BBAE6FD901}.Release|ARM.ActiveCfg = Release|Any CPU
		{5AC96A36-FAC3-418D-BFB0-94BBAE6FD901}.Release|ARM.Build.0 = Release|Any CPU
		{5AC96A36-FAC3-418D-BFB0-94BBAE6FD901}.Release|iPhone.ActiveCfg = Release|Any CPU
		{5AC96A36-FAC3-418D-BFB0-94BBAE6FD901}.Release|iPhone.Build.0 = Release|Any CPU
		{5AC96A36-FAC3-418D-BFB0-94BBAE6FD901}.Release|iPhoneSimulator.ActiveCfg = Release|Any CPU
		{5AC96A36-FAC3-418D-BFB0-94BBAE6FD901}.Release|iPhoneSimulator.Build.0 = Release|Any CPU
		{5AC96A36-FAC3-418D-BFB0-94BBAE6FD901}.Release|x64.ActiveCfg = Release|Any CPU
		{5AC96A36-FAC3-418D-BFB0-94BBAE6FD901}.Release|x64.Build.0 = Release|Any CPU
		{5AC96A36-FAC3-418D-BFB0-94BBAE6FD901}.Release|x86.ActiveCfg = Release|Any CPU
		{5AC96A36-FAC3-418D-BFB0-94BBAE6FD901}.Release|x86.Build.0 = Release|Any CPU
	EndGlobalSection
	GlobalSection(SolutionProperties) = preSolution
		HideSolutionNode = FALSE
	EndGlobalSection
	GlobalSection(ExtensibilityGlobals) = postSolution
		SolutionGuid = {F6D05029-56B8-4E45-AF2D-0E76295DDBA2}
	EndGlobalSection
EndGlobal
